
Microsoft Visual Studio Solution File, Format Version 12.00
# Visual Studio Version 17
VisualStudioVersion = 17.3.32929.385
MinimumVisualStudioVersion = 10.0.40219.1
Project("{FAE04EC0-301F-11D3-BF4B-00C04F79EFBC}") = "LandOfColor 2.0", "LandOfColor 2.0\LandOfColor 2.0.csproj", "{317F223F-3FB2-48A9-932F-A86AE1D17C86}"
EndProject
Global
	GlobalSection(SolutionConfigurationPlatforms) = preSolution
		Debug|Any CPU = Debug|Any CPU
		Release|Any CPU = Release|Any CPU
	EndGlobalSection
	GlobalSection(ProjectConfigurationPlatforms) = postSolution
		{317F223F-3FB2-48A9-932F-A86AE1D17C86}.Debug|Any CPU.ActiveCfg = Debug|Any CPU
		{317F223F-3FB2-48A9-932F-A86AE1D17C86}.Debug|Any CPU.Build.0 = Debug|Any CPU
		{317F223F-3FB2-48A9-932F-A86AE1D17C86}.Release|Any CPU.ActiveCfg = Release|Any CPU
		{317F223F-3FB2-48A9-932F-A86AE1D17C86}.Release|Any CPU.Build.0 = Release|Any CPU
	EndGlobalSection
	GlobalSection(SolutionProperties) = preSolution
		HideSolutionNode = FALSE
	EndGlobalSection
	GlobalSection(ExtensibilityGlobals) = postSolution
		SolutionGuid = {C833E9ED-F5DE-457D-A946-6F87A94796B3}
	EndGlobalSection
EndGlobal
